// !$*UTF8*$!
{
	archiveVersion = 1;
	classes = {
	};
	objectVersion = 56;
	objects = {

/* Begin PBXBuildFile section */
		06F015682A18C56D00592B8A /* MarvelComUPSAApp.swift in Sources */ = {isa = PBXBuildFile; fileRef = 06F015672A18C56D00592B8A /* MarvelComUPSAApp.swift */; };
		06F0156A2A18C56D00592B8A /* ContentView.swift in Sources */ = {isa = PBXBuildFile; fileRef = 06F015692A18C56D00592B8A /* ContentView.swift */; };
		06F0156C2A18C56F00592B8A /* Assets.xcassets in Resources */ = {isa = PBXBuildFile; fileRef = 06F0156B2A18C56F00592B8A /* Assets.xcassets */; };
		06F0156F2A18C56F00592B8A /* Preview Assets.xcassets in Resources */ = {isa = PBXBuildFile; fileRef = 06F0156E2A18C56F00592B8A /* Preview Assets.xcassets */; };
		06F015712A18C56F00592B8A /* Persistence.swift in Sources */ = {isa = PBXBuildFile; fileRef = 06F015702A18C56F00592B8A /* Persistence.swift */; };
		06F0157B2A18C70B00592B8A /* AFWrapper.swift in Sources */ = {isa = PBXBuildFile; fileRef = 06F0157A2A18C70B00592B8A /* AFWrapper.swift */; };
		06F015812A18D56100592B8A /* NetworkConstants.swift in Sources */ = {isa = PBXBuildFile; fileRef = 06F015802A18D56100592B8A /* NetworkConstants.swift */; };
		06F015862A18E0C700592B8A /* ComicDetailBuilder.swift in Sources */ = {isa = PBXBuildFile; fileRef = 06F015852A18E0C700592B8A /* ComicDetailBuilder.swift */; };
		06F015892A18E1D900592B8A /* ComicDetailUIModel.swift in Sources */ = {isa = PBXBuildFile; fileRef = 06F015882A18E1D900592B8A /* ComicDetailUIModel.swift */; };
		06F0158B2A18E29D00592B8A /* ComicDetailView.swift in Sources */ = {isa = PBXBuildFile; fileRef = 06F0158A2A18E29D00592B8A /* ComicDetailView.swift */; };
		06F0158D2A18E30B00592B8A /* ComicDetailViewModel.swift in Sources */ = {isa = PBXBuildFile; fileRef = 06F0158C2A18E30B00592B8A /* ComicDetailViewModel.swift */; };
		06F015912A18E41900592B8A /* GetComicDetailUseCase.swift in Sources */ = {isa = PBXBuildFile; fileRef = 06F015902A18E41900592B8A /* GetComicDetailUseCase.swift */; };
		06F015932A18E47600592B8A /* ComicDetailModel.swift in Sources */ = {isa = PBXBuildFile; fileRef = 06F015922A18E47600592B8A /* ComicDetailModel.swift */; };
		06F015962A194BEF00592B8A /* GetComicListUseCase.swift in Sources */ = {isa = PBXBuildFile; fileRef = 06F015952A194BEF00592B8A /* GetComicListUseCase.swift */; };
		06F015982A194C4700592B8A /* ComicModel.swift in Sources */ = {isa = PBXBuildFile; fileRef = 06F015972A194C4700592B8A /* ComicModel.swift */; };
		06F0159B2A194D3F00592B8A /* ComicListView.swift in Sources */ = {isa = PBXBuildFile; fileRef = 06F0159A2A194D3F00592B8A /* ComicListView.swift */; };
		06F0159D2A194D5200592B8A /* ComicListViewModel.swift in Sources */ = {isa = PBXBuildFile; fileRef = 06F0159C2A194D5200592B8A /* ComicListViewModel.swift */; };
		06F0159F2A194DC000592B8A /* ComicUIModel.swift in Sources */ = {isa = PBXBuildFile; fileRef = 06F0159E2A194DC000592B8A /* ComicUIModel.swift */; };
		06F015A32A19551500592B8A /* ComicListRepository.swift in Sources */ = {isa = PBXBuildFile; fileRef = 06F015A22A19551500592B8A /* ComicListRepository.swift */; };
		06F015AF2A1957DA00592B8A /* ComicListRepositoryProtocol.swift in Sources */ = {isa = PBXBuildFile; fileRef = 06F015AE2A1957DA00592B8A /* ComicListRepositoryProtocol.swift */; };
		06F015B32A195AA100592B8A /* BaseRequest.swift in Sources */ = {isa = PBXBuildFile; fileRef = 06F015B22A195AA100592B8A /* BaseRequest.swift */; };
		06F015B52A195B6B00592B8A /* ComicListRequest.swift in Sources */ = {isa = PBXBuildFile; fileRef = 06F015B42A195B6B00592B8A /* ComicListRequest.swift */; };
		06F015B72A195BAA00592B8A /* ComicListResponse.swift in Sources */ = {isa = PBXBuildFile; fileRef = 06F015B62A195BAA00592B8A /* ComicListResponse.swift */; };
		06F015B92A19686500592B8A /* ComicListBuilder.swift in Sources */ = {isa = PBXBuildFile; fileRef = 06F015B82A19686500592B8A /* ComicListBuilder.swift */; };
		06F015BC2A1972F400592B8A /* View+Hidden.swift in Sources */ = {isa = PBXBuildFile; fileRef = 06F015BB2A1972F400592B8A /* View+Hidden.swift */; };
		06F015BF2A1A0BAF00592B8A /* ComicDetailRepository.swift in Sources */ = {isa = PBXBuildFile; fileRef = 06F015BE2A1A0BAF00592B8A /* ComicDetailRepository.swift */; };
		06F015C52A1A0CBB00592B8A /* ComicListDataSource.swift in Sources */ = {isa = PBXBuildFile; fileRef = 06F015C42A1A0BC200592B8A /* ComicListDataSource.swift */; };
		06F015CB2A1A0D7800592B8A /* ComicDetailRepositoryProtocol.swift in Sources */ = {isa = PBXBuildFile; fileRef = 06F015CA2A1A0D7800592B8A /* ComicDetailRepositoryProtocol.swift */; };
		06F015CD2A1A0DDF00592B8A /* ComicDetailRequest.swift in Sources */ = {isa = PBXBuildFile; fileRef = 06F015CC2A1A0DDF00592B8A /* ComicDetailRequest.swift */; };
		06F015CF2A1A0E3C00592B8A /* ComicDetailDataSource.swift in Sources */ = {isa = PBXBuildFile; fileRef = 06F015CE2A1A0E3C00592B8A /* ComicDetailDataSource.swift */; };
		06F015D12A1A0E9300592B8A /* ComicDetailResponse.swift in Sources */ = {isa = PBXBuildFile; fileRef = 06F015D02A1A0E9300592B8A /* ComicDetailResponse.swift */; };
		06F015D32A1A0EB900592B8A /* ComicListDataSourceProtocol.swift in Sources */ = {isa = PBXBuildFile; fileRef = 06F015D22A1A0EB900592B8A /* ComicListDataSourceProtocol.swift */; };
		06F015D62A1A13A400592B8A /* ImagesResponse.swift in Sources */ = {isa = PBXBuildFile; fileRef = 06F015D52A1A13A400592B8A /* ImagesResponse.swift */; };
		06F015D92A1A19F000592B8A /* ErrorView.swift in Sources */ = {isa = PBXBuildFile; fileRef = 06F015D82A1A19F000592B8A /* ErrorView.swift */; };
		06F015DB2A1A1AC000592B8A /* ImageView.swift in Sources */ = {isa = PBXBuildFile; fileRef = 06F015DA2A1A1AC000592B8A /* ImageView.swift */; };
		E8D9394F32747C143C4CA796 /* Pods_MarvelComUPSA.framework in Frameworks */ = {isa = PBXBuildFile; fileRef = A11D88F7B74723DC57B0B57F /* Pods_MarvelComUPSA.framework */; };
/* End PBXBuildFile section */

/* Begin PBXFileReference section */
		06F015642A18C56D00592B8A /* MarvelComUPSA.app */ = {isa = PBXFileReference; explicitFileType = wrapper.application; includeInIndex = 0; path = MarvelComUPSA.app; sourceTree = BUILT_PRODUCTS_DIR; };
		06F015672A18C56D00592B8A /* MarvelComUPSAApp.swift */ = {isa = PBXFileReference; lastKnownFileType = sourcecode.swift; path = MarvelComUPSAApp.swift; sourceTree = "<group>"; };
		06F015692A18C56D00592B8A /* ContentView.swift */ = {isa = PBXFileReference; lastKnownFileType = sourcecode.swift; path = ContentView.swift; sourceTree = "<group>"; };
		06F0156B2A18C56F00592B8A /* Assets.xcassets */ = {isa = PBXFileReference; lastKnownFileType = folder.assetcatalog; path = Assets.xcassets; sourceTree = "<group>"; };
		06F0156E2A18C56F00592B8A /* Preview Assets.xcassets */ = {isa = PBXFileReference; lastKnownFileType = folder.assetcatalog; path = "Preview Assets.xcassets"; sourceTree = "<group>"; };
		06F015702A18C56F00592B8A /* Persistence.swift */ = {isa = PBXFileReference; lastKnownFileType = sourcecode.swift; path = Persistence.swift; sourceTree = "<group>"; };
		06F0157A2A18C70B00592B8A /* AFWrapper.swift */ = {isa = PBXFileReference; lastKnownFileType = sourcecode.swift; path = AFWrapper.swift; sourceTree = "<group>"; };
		06F0157F2A18D51900592B8A /* Info.plist */ = {isa = PBXFileReference; lastKnownFileType = text.plist; path = Info.plist; sourceTree = "<group>"; };
		06F015802A18D56100592B8A /* NetworkConstants.swift */ = {isa = PBXFileReference; lastKnownFileType = sourcecode.swift; path = NetworkConstants.swift; sourceTree = "<group>"; };
		06F015852A18E0C700592B8A /* ComicDetailBuilder.swift */ = {isa = PBXFileReference; lastKnownFileType = sourcecode.swift; path = ComicDetailBuilder.swift; sourceTree = "<group>"; };
		06F015882A18E1D900592B8A /* ComicDetailUIModel.swift */ = {isa = PBXFileReference; lastKnownFileType = sourcecode.swift; path = ComicDetailUIModel.swift; sourceTree = "<group>"; };
		06F0158A2A18E29D00592B8A /* ComicDetailView.swift */ = {isa = PBXFileReference; lastKnownFileType = sourcecode.swift; path = ComicDetailView.swift; sourceTree = "<group>"; };
		06F0158C2A18E30B00592B8A /* ComicDetailViewModel.swift */ = {isa = PBXFileReference; lastKnownFileType = sourcecode.swift; path = ComicDetailViewModel.swift; sourceTree = "<group>"; };
		06F015902A18E41900592B8A /* GetComicDetailUseCase.swift */ = {isa = PBXFileReference; lastKnownFileType = sourcecode.swift; path = GetComicDetailUseCase.swift; sourceTree = "<group>"; };
		06F015922A18E47600592B8A /* ComicDetailModel.swift */ = {isa = PBXFileReference; lastKnownFileType = sourcecode.swift; path = ComicDetailModel.swift; sourceTree = "<group>"; };
		06F015952A194BEF00592B8A /* GetComicListUseCase.swift */ = {isa = PBXFileReference; lastKnownFileType = sourcecode.swift; path = GetComicListUseCase.swift; sourceTree = "<group>"; };
		06F015972A194C4700592B8A /* ComicModel.swift */ = {isa = PBXFileReference; lastKnownFileType = sourcecode.swift; path = ComicModel.swift; sourceTree = "<group>"; };
		06F0159A2A194D3F00592B8A /* ComicListView.swift */ = {isa = PBXFileReference; lastKnownFileType = sourcecode.swift; path = ComicListView.swift; sourceTree = "<group>"; };
		06F0159C2A194D5200592B8A /* ComicListViewModel.swift */ = {isa = PBXFileReference; lastKnownFileType = sourcecode.swift; path = ComicListViewModel.swift; sourceTree = "<group>"; };
		06F0159E2A194DC000592B8A /* ComicUIModel.swift */ = {isa = PBXFileReference; lastKnownFileType = sourcecode.swift; path = ComicUIModel.swift; sourceTree = "<group>"; };
		06F015A22A19551500592B8A /* ComicListRepository.swift */ = {isa = PBXFileReference; lastKnownFileType = sourcecode.swift; path = ComicListRepository.swift; sourceTree = "<group>"; };
		06F015AE2A1957DA00592B8A /* ComicListRepositoryProtocol.swift */ = {isa = PBXFileReference; lastKnownFileType = sourcecode.swift; path = ComicListRepositoryProtocol.swift; sourceTree = "<group>"; };
		06F015B22A195AA100592B8A /* BaseRequest.swift */ = {isa = PBXFileReference; lastKnownFileType = sourcecode.swift; path = BaseRequest.swift; sourceTree = "<group>"; };
		06F015B42A195B6B00592B8A /* ComicListRequest.swift */ = {isa = PBXFileReference; lastKnownFileType = sourcecode.swift; name = ComicListRequest.swift; path = ../../../../../../../../Desktop/ComicListRequest.swift; sourceTree = "<group>"; };
		06F015B62A195BAA00592B8A /* ComicListResponse.swift */ = {isa = PBXFileReference; lastKnownFileType = sourcecode.swift; path = ComicListResponse.swift; sourceTree = "<group>"; };
		06F015B82A19686500592B8A /* ComicListBuilder.swift */ = {isa = PBXFileReference; lastKnownFileType = sourcecode.swift; path = ComicListBuilder.swift; sourceTree = "<group>"; };
		06F015BB2A1972F400592B8A /* View+Hidden.swift */ = {isa = PBXFileReference; lastKnownFileType = sourcecode.swift; path = "View+Hidden.swift"; sourceTree = "<group>"; };
		06F015BE2A1A0BAF00592B8A /* ComicDetailRepository.swift */ = {isa = PBXFileReference; lastKnownFileType = sourcecode.swift; path = ComicDetailRepository.swift; sourceTree = "<group>"; };
		06F015C42A1A0BC200592B8A /* ComicListDataSource.swift */ = {isa = PBXFileReference; lastKnownFileType = sourcecode.swift; name = ComicListDataSource.swift; path = ../../../../../../../../../Desktop/ComicListDataSource.swift; sourceTree = "<group>"; };
		06F015CA2A1A0D7800592B8A /* ComicDetailRepositoryProtocol.swift */ = {isa = PBXFileReference; lastKnownFileType = sourcecode.swift; path = ComicDetailRepositoryProtocol.swift; sourceTree = "<group>"; };
		06F015CC2A1A0DDF00592B8A /* ComicDetailRequest.swift */ = {isa = PBXFileReference; lastKnownFileType = sourcecode.swift; path = ComicDetailRequest.swift; sourceTree = "<group>"; };
		06F015CE2A1A0E3C00592B8A /* ComicDetailDataSource.swift */ = {isa = PBXFileReference; lastKnownFileType = sourcecode.swift; path = ComicDetailDataSource.swift; sourceTree = "<group>"; };
		06F015D02A1A0E9300592B8A /* ComicDetailResponse.swift */ = {isa = PBXFileReference; lastKnownFileType = sourcecode.swift; path = ComicDetailResponse.swift; sourceTree = "<group>"; };
		06F015D22A1A0EB900592B8A /* ComicListDataSourceProtocol.swift */ = {isa = PBXFileReference; lastKnownFileType = sourcecode.swift; path = ComicListDataSourceProtocol.swift; sourceTree = "<group>"; };
		06F015D52A1A13A400592B8A /* ImagesResponse.swift */ = {isa = PBXFileReference; lastKnownFileType = sourcecode.swift; path = ImagesResponse.swift; sourceTree = "<group>"; };
		06F015D82A1A19F000592B8A /* ErrorView.swift */ = {isa = PBXFileReference; lastKnownFileType = sourcecode.swift; path = ErrorView.swift; sourceTree = "<group>"; };
		06F015DA2A1A1AC000592B8A /* ImageView.swift */ = {isa = PBXFileReference; lastKnownFileType = sourcecode.swift; path = ImageView.swift; sourceTree = "<group>"; };
		8899936311CE2E097C793892 /* Pods-MarvelComUPSA.debug.xcconfig */ = {isa = PBXFileReference; includeInIndex = 1; lastKnownFileType = text.xcconfig; name = "Pods-MarvelComUPSA.debug.xcconfig"; path = "Target Support Files/Pods-MarvelComUPSA/Pods-MarvelComUPSA.debug.xcconfig"; sourceTree = "<group>"; };
		A11D88F7B74723DC57B0B57F /* Pods_MarvelComUPSA.framework */ = {isa = PBXFileReference; explicitFileType = wrapper.framework; includeInIndex = 0; path = Pods_MarvelComUPSA.framework; sourceTree = BUILT_PRODUCTS_DIR; };
		CD6DC206BC7F13F7913D36EA /* Pods-MarvelComUPSA.release.xcconfig */ = {isa = PBXFileReference; includeInIndex = 1; lastKnownFileType = text.xcconfig; name = "Pods-MarvelComUPSA.release.xcconfig"; path = "Target Support Files/Pods-MarvelComUPSA/Pods-MarvelComUPSA.release.xcconfig"; sourceTree = "<group>"; };
/* End PBXFileReference section */

/* Begin PBXFrameworksBuildPhase section */
		06F015612A18C56D00592B8A /* Frameworks */ = {
			isa = PBXFrameworksBuildPhase;
			buildActionMask = 2147483647;
			files = (
				E8D9394F32747C143C4CA796 /* Pods_MarvelComUPSA.framework in Frameworks */,
			);
			runOnlyForDeploymentPostprocessing = 0;
		};
/* End PBXFrameworksBuildPhase section */

/* Begin PBXGroup section */
		06F0155B2A18C56D00592B8A = {
			isa = PBXGroup;
			children = (
				06F015662A18C56D00592B8A /* MarvelComUPSA */,
				06F015652A18C56D00592B8A /* Products */,
				10CD37635D4C4434781370D0 /* Pods */,
				588E73D542019AC31173FDC0 /* Frameworks */,
			);
			sourceTree = "<group>";
		};
		06F015652A18C56D00592B8A /* Products */ = {
			isa = PBXGroup;
			children = (
				06F015642A18C56D00592B8A /* MarvelComUPSA.app */,
			);
			name = Products;
			sourceTree = "<group>";
		};
		06F015662A18C56D00592B8A /* MarvelComUPSA */ = {
			isa = PBXGroup;
			children = (
				06F015A02A1952AA00592B8A /* Data */,
				06F0157F2A18D51900592B8A /* Info.plist */,
				06F0158E2A18E3DC00592B8A /* Domain */,
				06F015672A18C56D00592B8A /* MarvelComUPSAApp.swift */,
				06F015692A18C56D00592B8A /* ContentView.swift */,
				06F0156B2A18C56F00592B8A /* Assets.xcassets */,
				06F015702A18C56F00592B8A /* Persistence.swift */,
				06F0157C2A18C71200592B8A /* Networking */,
				06F015842A18E09400592B8A /* Presentation */,
				06F0156D2A18C56F00592B8A /* Preview Content */,
			);
			path = MarvelComUPSA;
			sourceTree = "<group>";
		};
		06F0156D2A18C56F00592B8A /* Preview Content */ = {
			isa = PBXGroup;
			children = (
				06F0156E2A18C56F00592B8A /* Preview Assets.xcassets */,
			);
			path = "Preview Content";
			sourceTree = "<group>";
		};
		06F0157C2A18C71200592B8A /* Networking */ = {
			isa = PBXGroup;
			children = (
				06F0157A2A18C70B00592B8A /* AFWrapper.swift */,
				06F015802A18D56100592B8A /* NetworkConstants.swift */,
				06F015B22A195AA100592B8A /* BaseRequest.swift */,
			);
			path = Networking;
			sourceTree = "<group>";
		};
		06F015842A18E09400592B8A /* Presentation */ = {
			isa = PBXGroup;
			children = (
				06F015D72A1A19E400592B8A /* Views */,
				06F015BA2A1972EA00592B8A /* Utils */,
				06F015992A194D2900592B8A /* ComicList */,
				06F015872A18E1AF00592B8A /* ComicDetail */,
			);
			path = Presentation;
			sourceTree = "<group>";
		};
		06F015872A18E1AF00592B8A /* ComicDetail */ = {
			isa = PBXGroup;
			children = (
				06F015852A18E0C700592B8A /* ComicDetailBuilder.swift */,
				06F015882A18E1D900592B8A /* ComicDetailUIModel.swift */,
				06F0158A2A18E29D00592B8A /* ComicDetailView.swift */,
				06F0158C2A18E30B00592B8A /* ComicDetailViewModel.swift */,
			);
			path = ComicDetail;
			sourceTree = "<group>";
		};
		06F0158E2A18E3DC00592B8A /* Domain */ = {
			isa = PBXGroup;
			children = (
				06F015942A194BB600592B8A /* ComicList */,
				06F0158F2A18E3E900592B8A /* ComicDetail */,
			);
			path = Domain;
			sourceTree = "<group>";
		};
		06F0158F2A18E3E900592B8A /* ComicDetail */ = {
			isa = PBXGroup;
			children = (
				06F015902A18E41900592B8A /* GetComicDetailUseCase.swift */,
				06F015922A18E47600592B8A /* ComicDetailModel.swift */,
				06F015CA2A1A0D7800592B8A /* ComicDetailRepositoryProtocol.swift */,
			);
			path = ComicDetail;
			sourceTree = "<group>";
		};
		06F015942A194BB600592B8A /* ComicList */ = {
			isa = PBXGroup;
			children = (
				06F015AE2A1957DA00592B8A /* ComicListRepositoryProtocol.swift */,
				06F015972A194C4700592B8A /* ComicModel.swift */,
				06F015952A194BEF00592B8A /* GetComicListUseCase.swift */,
			);
			path = ComicList;
			sourceTree = "<group>";
		};
		06F015992A194D2900592B8A /* ComicList */ = {
			isa = PBXGroup;
			children = (
				06F0159A2A194D3F00592B8A /* ComicListView.swift */,
				06F0159C2A194D5200592B8A /* ComicListViewModel.swift */,
				06F0159E2A194DC000592B8A /* ComicUIModel.swift */,
				06F015B82A19686500592B8A /* ComicListBuilder.swift */,
			);
			path = ComicList;
			sourceTree = "<group>";
		};
		06F015A02A1952AA00592B8A /* Data */ = {
			isa = PBXGroup;
			children = (
				06F015D42A1A139B00592B8A /* Common */,
				06F015BD2A1A0BA300592B8A /* ComicDetail */,
				06F015A12A1952AE00592B8A /* ComicList */,
			);
			path = Data;
			sourceTree = "<group>";
		};
		06F015A12A1952AE00592B8A /* ComicList */ = {
			isa = PBXGroup;
			children = (
				06F015C12A1A0BB500592B8A /* DataSource */,
				06F015C02A1A0BB100592B8A /* Repository */,
				06F015B42A195B6B00592B8A /* ComicListRequest.swift */,
				06F015B62A195BAA00592B8A /* ComicListResponse.swift */,
			);
			path = ComicList;
			sourceTree = "<group>";
		};
		06F015BA2A1972EA00592B8A /* Utils */ = {
			isa = PBXGroup;
			children = (
				06F015BB2A1972F400592B8A /* View+Hidden.swift */,
			);
			path = Utils;
			sourceTree = "<group>";
		};
		06F015BD2A1A0BA300592B8A /* ComicDetail */ = {
			isa = PBXGroup;
			children = (
				06F015BE2A1A0BAF00592B8A /* ComicDetailRepository.swift */,
				06F015CC2A1A0DDF00592B8A /* ComicDetailRequest.swift */,
				06F015CE2A1A0E3C00592B8A /* ComicDetailDataSource.swift */,
				06F015D02A1A0E9300592B8A /* ComicDetailResponse.swift */,
			);
			path = ComicDetail;
			sourceTree = "<group>";
		};
		06F015C02A1A0BB100592B8A /* Repository */ = {
			isa = PBXGroup;
			children = (
				06F015A22A19551500592B8A /* ComicListRepository.swift */,
			);
			path = Repository;
			sourceTree = "<group>";
		};
		06F015C12A1A0BB500592B8A /* DataSource */ = {
			isa = PBXGroup;
			children = (
				06F015C42A1A0BC200592B8A /* ComicListDataSource.swift */,
				06F015D22A1A0EB900592B8A /* ComicListDataSourceProtocol.swift */,
			);
			path = DataSource;
			sourceTree = "<group>";
		};
		06F015D42A1A139B00592B8A /* Common */ = {
			isa = PBXGroup;
			children = (
				06F015D52A1A13A400592B8A /* ImagesResponse.swift */,
			);
			path = Common;
			sourceTree = "<group>";
		};
		06F015D72A1A19E400592B8A /* Views */ = {
			isa = PBXGroup;
			children = (
				06F015D82A1A19F000592B8A /* ErrorView.swift */,
				06F015DA2A1A1AC000592B8A /* ImageView.swift */,
			);
			path = Views;
			sourceTree = "<group>";
		};
		10CD37635D4C4434781370D0 /* Pods */ = {
			isa = PBXGroup;
			children = (
				8899936311CE2E097C793892 /* Pods-MarvelComUPSA.debug.xcconfig */,
				CD6DC206BC7F13F7913D36EA /* Pods-MarvelComUPSA.release.xcconfig */,
			);
			path = Pods;
			sourceTree = "<group>";
		};
		588E73D542019AC31173FDC0 /* Frameworks */ = {
			isa = PBXGroup;
			children = (
				A11D88F7B74723DC57B0B57F /* Pods_MarvelComUPSA.framework */,
			);
			name = Frameworks;
			sourceTree = "<group>";
		};
/* End PBXGroup section */

/* Begin PBXNativeTarget section */
		06F015632A18C56D00592B8A /* MarvelComUPSA */ = {
			isa = PBXNativeTarget;
			buildConfigurationList = 06F015772A18C56F00592B8A /* Build configuration list for PBXNativeTarget "MarvelComUPSA" */;
			buildPhases = (
				E93540722F07D1E8A06B4196 /* [CP] Check Pods Manifest.lock */,
				06F015602A18C56D00592B8A /* Sources */,
				06F015612A18C56D00592B8A /* Frameworks */,
				06F015622A18C56D00592B8A /* Resources */,
				A7C40CFEB4661C11E90562D4 /* [CP] Embed Pods Frameworks */,
			);
			buildRules = (
			);
			dependencies = (
			);
			name = MarvelComUPSA;
			productName = MarvelComUPSA;
			productReference = 06F015642A18C56D00592B8A /* MarvelComUPSA.app */;
			productType = "com.apple.product-type.application";
		};
/* End PBXNativeTarget section */

/* Begin PBXProject section */
		06F0155C2A18C56D00592B8A /* Project object */ = {
			isa = PBXProject;
			attributes = {
				BuildIndependentTargetsInParallel = 1;
				LastSwiftUpdateCheck = 1430;
				LastUpgradeCheck = 1430;
				TargetAttributes = {
					06F015632A18C56D00592B8A = {
						CreatedOnToolsVersion = 14.3;
					};
				};
			};
			buildConfigurationList = 06F0155F2A18C56D00592B8A /* Build configuration list for PBXProject "MarvelComUPSA" */;
			compatibilityVersion = "Xcode 14.0";
			developmentRegion = en;
			hasScannedForEncodings = 0;
			knownRegions = (
				en,
				Base,
			);
			mainGroup = 06F0155B2A18C56D00592B8A;
			productRefGroup = 06F015652A18C56D00592B8A /* Products */;
			projectDirPath = "";
			projectRoot = "";
			targets = (
				06F015632A18C56D00592B8A /* MarvelComUPSA */,
			);
		};
/* End PBXProject section */

/* Begin PBXResourcesBuildPhase section */
		06F015622A18C56D00592B8A /* Resources */ = {
			isa = PBXResourcesBuildPhase;
			buildActionMask = 2147483647;
			files = (
				06F0156F2A18C56F00592B8A /* Preview Assets.xcassets in Resources */,
				06F0156C2A18C56F00592B8A /* Assets.xcassets in Resources */,
			);
			runOnlyForDeploymentPostprocessing = 0;
		};
/* End PBXResourcesBuildPhase section */

/* Begin PBXShellScriptBuildPhase section */
		A7C40CFEB4661C11E90562D4 /* [CP] Embed Pods Frameworks */ = {
			isa = PBXShellScriptBuildPhase;
			buildActionMask = 2147483647;
			files = (
			);
			inputFileListPaths = (
				"${PODS_ROOT}/Target Support Files/Pods-MarvelComUPSA/Pods-MarvelComUPSA-frameworks-${CONFIGURATION}-input-files.xcfilelist",
			);
			name = "[CP] Embed Pods Frameworks";
			outputFileListPaths = (
				"${PODS_ROOT}/Target Support Files/Pods-MarvelComUPSA/Pods-MarvelComUPSA-frameworks-${CONFIGURATION}-output-files.xcfilelist",
			);
			runOnlyForDeploymentPostprocessing = 0;
			shellPath = /bin/sh;
			shellScript = "\"${PODS_ROOT}/Target Support Files/Pods-MarvelComUPSA/Pods-MarvelComUPSA-frameworks.sh\"\n";
			showEnvVarsInLog = 0;
		};
		E93540722F07D1E8A06B4196 /* [CP] Check Pods Manifest.lock */ = {
			isa = PBXShellScriptBuildPhase;
			buildActionMask = 2147483647;
			files = (
			);
			inputFileListPaths = (
			);
			inputPaths = (
				"${PODS_PODFILE_DIR_PATH}/Podfile.lock",
				"${PODS_ROOT}/Manifest.lock",
			);
			name = "[CP] Check Pods Manifest.lock";
			outputFileListPaths = (
			);
			outputPaths = (
				"$(DERIVED_FILE_DIR)/Pods-MarvelComUPSA-checkManifestLockResult.txt",
			);
			runOnlyForDeploymentPostprocessing = 0;
			shellPath = /bin/sh;
			shellScript = "diff \"${PODS_PODFILE_DIR_PATH}/Podfile.lock\" \"${PODS_ROOT}/Manifest.lock\" > /dev/null\nif [ $? != 0 ] ; then\n    # print error to STDERR\n    echo \"error: The sandbox is not in sync with the Podfile.lock. Run 'pod install' or update your CocoaPods installation.\" >&2\n    exit 1\nfi\n# This output is used by Xcode 'outputs' to avoid re-running this script phase.\necho \"SUCCESS\" > \"${SCRIPT_OUTPUT_FILE_0}\"\n";
			showEnvVarsInLog = 0;
		};
/* End PBXShellScriptBuildPhase section */

/* Begin PBXSourcesBuildPhase section */
		06F015602A18C56D00592B8A /* Sources */ = {
			isa = PBXSourcesBuildPhase;
			buildActionMask = 2147483647;
			files = (
				06F015BC2A1972F400592B8A /* View+Hidden.swift in Sources */,
				06F0159B2A194D3F00592B8A /* ComicListView.swift in Sources */,
				06F015C52A1A0CBB00592B8A /* ComicListDataSource.swift in Sources */,
				06F015862A18E0C700592B8A /* ComicDetailBuilder.swift in Sources */,
				06F015812A18D56100592B8A /* NetworkConstants.swift in Sources */,
				06F015CF2A1A0E3C00592B8A /* ComicDetailDataSource.swift in Sources */,
				06F015B92A19686500592B8A /* ComicListBuilder.swift in Sources */,
				06F015B52A195B6B00592B8A /* ComicListRequest.swift in Sources */,
				06F015AF2A1957DA00592B8A /* ComicListRepositoryProtocol.swift in Sources */,
				06F015712A18C56F00592B8A /* Persistence.swift in Sources */,
				06F015D92A1A19F000592B8A /* ErrorView.swift in Sources */,
				06F015892A18E1D900592B8A /* ComicDetailUIModel.swift in Sources */,
				06F015D12A1A0E9300592B8A /* ComicDetailResponse.swift in Sources */,
				06F015B32A195AA100592B8A /* BaseRequest.swift in Sources */,
				06F0159D2A194D5200592B8A /* ComicListViewModel.swift in Sources */,
				06F0157B2A18C70B00592B8A /* AFWrapper.swift in Sources */,
				06F0156A2A18C56D00592B8A /* ContentView.swift in Sources */,
				06F015982A194C4700592B8A /* ComicModel.swift in Sources */,
				06F0159F2A194DC000592B8A /* ComicUIModel.swift in Sources */,
				06F015DB2A1A1AC000592B8A /* ImageView.swift in Sources */,
				06F015BF2A1A0BAF00592B8A /* ComicDetailRepository.swift in Sources */,
				06F015D62A1A13A400592B8A /* ImagesResponse.swift in Sources */,
				06F015A32A19551500592B8A /* ComicListRepository.swift in Sources */,
				06F015B72A195BAA00592B8A /* ComicListResponse.swift in Sources */,
				06F015932A18E47600592B8A /* ComicDetailModel.swift in Sources */,
				06F015682A18C56D00592B8A /* MarvelComUPSAApp.swift in Sources */,
				06F015912A18E41900592B8A /* GetComicDetailUseCase.swift in Sources */,
				06F015D32A1A0EB900592B8A /* ComicListDataSourceProtocol.swift in Sources */,
				06F015CB2A1A0D7800592B8A /* ComicDetailRepositoryProtocol.swift in Sources */,
				06F0158D2A18E30B00592B8A /* ComicDetailViewModel.swift in Sources */,
				06F015962A194BEF00592B8A /* GetComicListUseCase.swift in Sources */,
				06F015CD2A1A0DDF00592B8A /* ComicDetailRequest.swift in Sources */,
				06F0158B2A18E29D00592B8A /* ComicDetailView.swift in Sources */,
			);
			runOnlyForDeploymentPostprocessing = 0;
		};
/* End PBXSourcesBuildPhase section */

/* Begin XCBuildConfiguration section */
		06F015752A18C56F00592B8A /* Debug */ = {
			isa = XCBuildConfiguration;
			buildSettings = {
				ALWAYS_SEARCH_USER_PATHS = NO;
				CLANG_ANALYZER_NONNULL = YES;
				CLANG_ANALYZER_NUMBER_OBJECT_CONVERSION = YES_AGGRESSIVE;
				CLANG_CXX_LANGUAGE_STANDARD = "gnu++20";
				CLANG_ENABLE_MODULES = YES;
				CLANG_ENABLE_OBJC_ARC = YES;
				CLANG_ENABLE_OBJC_WEAK = YES;
				CLANG_WARN_BLOCK_CAPTURE_AUTORELEASING = YES;
				CLANG_WARN_BOOL_CONVERSION = YES;
				CLANG_WARN_COMMA = YES;
				CLANG_WARN_CONSTANT_CONVERSION = YES;
				CLANG_WARN_DEPRECATED_OBJC_IMPLEMENTATIONS = YES;
				CLANG_WARN_DIRECT_OBJC_ISA_USAGE = YES_ERROR;
				CLANG_WARN_DOCUMENTATION_COMMENTS = YES;
				CLANG_WARN_EMPTY_BODY = YES;
				CLANG_WARN_ENUM_CONVERSION = YES;
				CLANG_WARN_INFINITE_RECURSION = YES;
				CLANG_WARN_INT_CONVERSION = YES;
				CLANG_WARN_NON_LITERAL_NULL_CONVERSION = YES;
				CLANG_WARN_OBJC_IMPLICIT_RETAIN_SELF = YES;
				CLANG_WARN_OBJC_LITERAL_CONVERSION = YES;
				CLANG_WARN_OBJC_ROOT_CLASS = YES_ERROR;
				CLANG_WARN_QUOTED_INCLUDE_IN_FRAMEWORK_HEADER = YES;
				CLANG_WARN_RANGE_LOOP_ANALYSIS = YES;
				CLANG_WARN_STRICT_PROTOTYPES = YES;
				CLANG_WARN_SUSPICIOUS_MOVE = YES;
				CLANG_WARN_UNGUARDED_AVAILABILITY = YES_AGGRESSIVE;
				CLANG_WARN_UNREACHABLE_CODE = YES;
				CLANG_WARN__DUPLICATE_METHOD_MATCH = YES;
				COPY_PHASE_STRIP = NO;
				DEBUG_INFORMATION_FORMAT = dwarf;
				ENABLE_STRICT_OBJC_MSGSEND = YES;
				ENABLE_TESTABILITY = YES;
				GCC_C_LANGUAGE_STANDARD = gnu11;
				GCC_DYNAMIC_NO_PIC = NO;
				GCC_NO_COMMON_BLOCKS = YES;
				GCC_OPTIMIZATION_LEVEL = 0;
				GCC_PREPROCESSOR_DEFINITIONS = (
					"DEBUG=1",
					"$(inherited)",
				);
				GCC_WARN_64_TO_32_BIT_CONVERSION = YES;
				GCC_WARN_ABOUT_RETURN_TYPE = YES_ERROR;
				GCC_WARN_UNDECLARED_SELECTOR = YES;
				GCC_WARN_UNINITIALIZED_AUTOS = YES_AGGRESSIVE;
				GCC_WARN_UNUSED_FUNCTION = YES;
				GCC_WARN_UNUSED_VARIABLE = YES;
				IPHONEOS_DEPLOYMENT_TARGET = 16.4;
				MTL_ENABLE_DEBUG_INFO = INCLUDE_SOURCE;
				MTL_FAST_MATH = YES;
				ONLY_ACTIVE_ARCH = YES;
				SDKROOT = iphoneos;
				SWIFT_ACTIVE_COMPILATION_CONDITIONS = DEBUG;
				SWIFT_OPTIMIZATION_LEVEL = "-Onone";
			};
			name = Debug;
		};
		06F015762A18C56F00592B8A /* Release */ = {
			isa = XCBuildConfiguration;
			buildSettings = {
				ALWAYS_SEARCH_USER_PATHS = NO;
				CLANG_ANALYZER_NONNULL = YES;
				CLANG_ANALYZER_NUMBER_OBJECT_CONVERSION = YES_AGGRESSIVE;
				CLANG_CXX_LANGUAGE_STANDARD = "gnu++20";
				CLANG_ENABLE_MODULES = YES;
				CLANG_ENABLE_OBJC_ARC = YES;
				CLANG_ENABLE_OBJC_WEAK = YES;
				CLANG_WARN_BLOCK_CAPTURE_AUTORELEASING = YES;
				CLANG_WARN_BOOL_CONVERSION = YES;
				CLANG_WARN_COMMA = YES;
				CLANG_WARN_CONSTANT_CONVERSION = YES;
				CLANG_WARN_DEPRECATED_OBJC_IMPLEMENTATIONS = YES;
				CLANG_WARN_DIRECT_OBJC_ISA_USAGE = YES_ERROR;
				CLANG_WARN_DOCUMENTATION_COMMENTS = YES;
				CLANG_WARN_EMPTY_BODY = YES;
				CLANG_WARN_ENUM_CONVERSION = YES;
				CLANG_WARN_INFINITE_RECURSION = YES;
				CLANG_WARN_INT_CONVERSION = YES;
				CLANG_WARN_NON_LITERAL_NULL_CONVERSION = YES;
				CLANG_WARN_OBJC_IMPLICIT_RETAIN_SELF = YES;
				CLANG_WARN_OBJC_LITERAL_CONVERSION = YES;
				CLANG_WARN_OBJC_ROOT_CLASS = YES_ERROR;
				CLANG_WARN_QUOTED_INCLUDE_IN_FRAMEWORK_HEADER = YES;
				CLANG_WARN_RANGE_LOOP_ANALYSIS = YES;
				CLANG_WARN_STRICT_PROTOTYPES = YES;
				CLANG_WARN_SUSPICIOUS_MOVE = YES;
				CLANG_WARN_UNGUARDED_AVAILABILITY = YES_AGGRESSIVE;
				CLANG_WARN_UNREACHABLE_CODE = YES;
				CLANG_WARN__DUPLICATE_METHOD_MATCH = YES;
				COPY_PHASE_STRIP = NO;
				DEBUG_INFORMATION_FORMAT = "dwarf-with-dsym";
				ENABLE_NS_ASSERTIONS = NO;
				ENABLE_STRICT_OBJC_MSGSEND = YES;
				GCC_C_LANGUAGE_STANDARD = gnu11;
				GCC_NO_COMMON_BLOCKS = YES;
				GCC_WARN_64_TO_32_BIT_CONVERSION = YES;
				GCC_WARN_ABOUT_RETURN_TYPE = YES_ERROR;
				GCC_WARN_UNDECLARED_SELECTOR = YES;
				GCC_WARN_UNINITIALIZED_AUTOS = YES_AGGRESSIVE;
				GCC_WARN_UNUSED_FUNCTION = YES;
				GCC_WARN_UNUSED_VARIABLE = YES;
				IPHONEOS_DEPLOYMENT_TARGET = 16.4;
				MTL_ENABLE_DEBUG_INFO = NO;
				MTL_FAST_MATH = YES;
				SDKROOT = iphoneos;
				SWIFT_COMPILATION_MODE = wholemodule;
				SWIFT_OPTIMIZATION_LEVEL = "-O";
				VALIDATE_PRODUCT = YES;
			};
			name = Release;
		};
		06F015782A18C56F00592B8A /* Debug */ = {
			isa = XCBuildConfiguration;
			baseConfigurationReference = 8899936311CE2E097C793892 /* Pods-MarvelComUPSA.debug.xcconfig */;
			buildSettings = {
				ASSETCATALOG_COMPILER_APPICON_NAME = AppIcon;
				ASSETCATALOG_COMPILER_GLOBAL_ACCENT_COLOR_NAME = AccentColor;
				CODE_SIGN_STYLE = Automatic;
				CURRENT_PROJECT_VERSION = 1;
				DEVELOPMENT_ASSET_PATHS = "\"MarvelComUPSA/Preview Content\"";
				DEVELOPMENT_TEAM = 456TDU2LGC;
				ENABLE_PREVIEWS = YES;
				GENERATE_INFOPLIST_FILE = YES;
				INFOPLIST_FILE = MarvelComUPSA/Info.plist;
				INFOPLIST_KEY_UIApplicationSceneManifest_Generation = YES;
				INFOPLIST_KEY_UIApplicationSupportsIndirectInputEvents = YES;
				INFOPLIST_KEY_UILaunchScreen_Generation = YES;
				INFOPLIST_KEY_UISupportedInterfaceOrientations_iPad = "UIInterfaceOrientationPortrait UIInterfaceOrientationPortraitUpsideDown UIInterfaceOrientationLandscapeLeft UIInterfaceOrientationLandscapeRight";
				INFOPLIST_KEY_UISupportedInterfaceOrientations_iPhone = "UIInterfaceOrientationPortrait UIInterfaceOrientationLandscapeLeft UIInterfaceOrientationLandscapeRight";
				LD_RUNPATH_SEARCH_PATHS = (
					"$(inherited)",
					"@executable_path/Frameworks",
				);
				MARKETING_VERSION = 1.0;
				PRODUCT_BUNDLE_IDENTIFIER = com.jginera.MarvelComUPSA;
				PRODUCT_NAME = "$(TARGET_NAME)";
				SWIFT_EMIT_LOC_STRINGS = YES;
				SWIFT_VERSION = 5.0;
				TARGETED_DEVICE_FAMILY = "1,2";
			};
			name = Debug;
		};
		06F015792A18C56F00592B8A /* Release */ = {
			isa = XCBuildConfiguration;
			baseConfigurationReference = CD6DC206BC7F13F7913D36EA /* Pods-MarvelComUPSA.release.xcconfig */;
			buildSettings = {
				ASSETCATALOG_COMPILER_APPICON_NAME = AppIcon;
				ASSETCATALOG_COMPILER_GLOBAL_ACCENT_COLOR_NAME = AccentColor;
				CODE_SIGN_STYLE = Automatic;
				CURRENT_PROJECT_VERSION = 1;
				DEVELOPMENT_ASSET_PATHS = "\"MarvelComUPSA/Preview Content\"";
				DEVELOPMENT_TEAM = 456TDU2LGC;
				ENABLE_PREVIEWS = YES;
				GENERATE_INFOPLIST_FILE = YES;
				INFOPLIST_FILE = MarvelComUPSA/Info.plist;
				INFOPLIST_KEY_UIApplicationSceneManifest_Generation = YES;
				INFOPLIST_KEY_UIApplicationSupportsIndirectInputEvents = YES;
				INFOPLIST_KEY_UILaunchScreen_Generation = YES;
				INFOPLIST_KEY_UISupportedInterfaceOrientations_iPad = "UIInterfaceOrientationPortrait UIInterfaceOrientationPortraitUpsideDown UIInterfaceOrientationLandscapeLeft UIInterfaceOrientationLandscapeRight";
				INFOPLIST_KEY_UISupportedInterfaceOrientations_iPhone = "UIInterfaceOrientationPortrait UIInterfaceOrientationLandscapeLeft UIInterfaceOrientationLandscapeRight";
				LD_RUNPATH_SEARCH_PATHS = (
					"$(inherited)",
					"@executable_path/Frameworks",
				);
				MARKETING_VERSION = 1.0;
				PRODUCT_BUNDLE_IDENTIFIER = com.jginera.MarvelComUPSA;
				PRODUCT_NAME = "$(TARGET_NAME)";
				SWIFT_EMIT_LOC_STRINGS = YES;
				SWIFT_VERSION = 5.0;
				TARGETED_DEVICE_FAMILY = "1,2";
			};
			name = Release;
		};
/* End XCBuildConfiguration section */

/* Begin XCConfigurationList section */
		06F0155F2A18C56D00592B8A /* Build configuration list for PBXProject "MarvelComUPSA" */ = {
			isa = XCConfigurationList;
			buildConfigurations = (
				06F015752A18C56F00592B8A /* Debug */,
				06F015762A18C56F00592B8A /* Release */,
			);
			defaultConfigurationIsVisible = 0;
			defaultConfigurationName = Release;
		};
		06F015772A18C56F00592B8A /* Build configuration list for PBXNativeTarget "MarvelComUPSA" */ = {
			isa = XCConfigurationList;
			buildConfigurations = (
				06F015782A18C56F00592B8A /* Debug */,
				06F015792A18C56F00592B8A /* Release */,
			);
			defaultConfigurationIsVisible = 0;
			defaultConfigurationName = Release;
		};
/* End XCConfigurationList section */
	};
	rootObject = 06F0155C2A18C56D00592B8A /* Project object */;
}
